{
  "version": "5",
  "specifiers": {
    "jsr:@std/cli@1": "1.0.26",
    "npm:@ai-sdk/anthropic@^3.0.23": "3.0.23_zod@4.3.6",
    "npm:@ai-sdk/openai@^3.0.18": "3.0.18_zod@4.3.6",
    "npm:ai@^6.0.48": "6.0.48_zod@4.3.6"
  },
  "jsr": {
    "@std/cli@1.0.26": {
      "integrity": "53679a2b041406f15c3ff193986852595f3d11ba7b9d4b0c71a42589662e8fb5"
    }
  },
  "npm": {
    "@ai-sdk/anthropic@3.0.23_zod@4.3.6": {
      "integrity": "sha512-mu9djDW2kiJS/ihH5BwGy2c/zwSlcTjx1NWPvY/Ug12SWToqzozSyd1EIXRlfXyfwzL2CWrqMNyybqi9OVDXgg==",
      "dependencies": [
        "@ai-sdk/provider",
        "@ai-sdk/provider-utils",
        "zod"
      ]
    },
    "@ai-sdk/gateway@3.0.22_zod@4.3.6": {
      "integrity": "sha512-NgnlY73JNuooACHqUIz5uMOEWvqR1MMVbb2soGLMozLY1fgwEIF5iJFDAGa5/YArlzw2ATVU7zQu7HkR/FUjgA==",
      "dependencies": [
        "@ai-sdk/provider",
        "@ai-sdk/provider-utils",
        "@vercel/oidc",
        "zod"
      ]
    },
    "@ai-sdk/openai@3.0.18_zod@4.3.6": {
      "integrity": "sha512-uYscTyoaWij9FoPpKRNK8YgtDEuPpQlqREYylJCA8o5YQVQXghV0Dwgk1ehPVpg6USIO4L0C8GqQJ4AMm/Xb1g==",
      "dependencies": [
        "@ai-sdk/provider",
        "@ai-sdk/provider-utils",
        "zod"
      ]
    },
    "@ai-sdk/provider-utils@4.0.9_zod@4.3.6": {
      "integrity": "sha512-bB4r6nfhBOpmoS9mePxjRoCy+LnzP3AfhyMGCkGL4Mn9clVNlqEeKj26zEKEtB6yoSVcT1IQ0Zh9fytwMCDnow==",
      "dependencies": [
        "@ai-sdk/provider",
        "@standard-schema/spec",
        "eventsource-parser",
        "zod"
      ]
    },
    "@ai-sdk/provider@3.0.5": {
      "integrity": "sha512-2Xmoq6DBJqmSl80U6V9z5jJSJP7ehaJJQMy2iFUqTay06wdCqTnPVBBQbtEL8RCChenL+q5DC5H5WzU3vV3v8w==",
      "dependencies": [
        "json-schema"
      ]
    },
    "@opentelemetry/api@1.9.0": {
      "integrity": "sha512-3giAOQvZiH5F9bMlMiv8+GSPMeqg0dbaeo58/0SlA9sxSqZhnUtxzX9/2FzyhS9sWQf5S0GJE0AKBrFqjpeYcg=="
    },
    "@standard-schema/spec@1.1.0": {
      "integrity": "sha512-l2aFy5jALhniG5HgqrD6jXLi/rUWrKvqN/qJx6yoJsgKhblVd+iqqU4RCXavm/jPityDo5TCvKMnpjKnOriy0w=="
    },
    "@vercel/oidc@3.1.0": {
      "integrity": "sha512-Fw28YZpRnA3cAHHDlkt7xQHiJ0fcL+NRcIqsocZQUSmbzeIKRpwttJjik5ZGanXP+vlA4SbTg+AbA3bP363l+w=="
    },
    "ai@6.0.48_zod@4.3.6": {
      "integrity": "sha512-nON0rHNTEQgzT1HahGl7AeszJh7es5ibZ6LWqm3IiN+bUAQtXkdArXD9vDlVAPBiCd7ERclZ6lUpOE6ltgJb3w==",
      "dependencies": [
        "@ai-sdk/gateway",
        "@ai-sdk/provider",
        "@ai-sdk/provider-utils",
        "@opentelemetry/api",
        "zod"
      ]
    },
    "eventsource-parser@3.0.6": {
      "integrity": "sha512-Vo1ab+QXPzZ4tCa8SwIHJFaSzy4R6SHf7BY79rFBDf0idraZWAkYrDjDj8uWaSm3S2TK+hJ7/t1CEmZ7jXw+pg=="
    },
    "json-schema@0.4.0": {
      "integrity": "sha512-es94M3nTIfsEPisRafak+HDLfHXnKBhV3vU5eqPcS3flIWqcxJWgXHXiey3YrpaNsanY5ei1VoYEbOzijuq9BA=="
    },
    "zod@4.3.6": {
      "integrity": "sha512-rftlrkhHZOcjDwkGlnUtZZkvaPHCsDATp4pGpuOOMDaTdDDXF91wuVDJoWoPsKX/3YPQ5fHuF3STjcYyKr+Qhg=="
    }
  },
  "workspace": {
    "dependencies": [
      "npm:@ai-sdk/anthropic@^3.0.23",
      "npm:@ai-sdk/openai@^3.0.18",
      "npm:ai@^6.0.48"
    ]
  }
}
